PODS:
  - Alamofire (5.4.3)
  - Flutter (1.0.0)
  - KakaoSDK (2.5.2):
    - KakaoSDKAuth (= 2.5.2)
    - KakaoSDKCommon (= 2.5.2)
    - KakaoSDKLink (= 2.5.2)
    - KakaoSDKNavi (= 2.5.2)
    - KakaoSDKStory (= 2.5.2)
    - KakaoSDKTalk (= 2.5.2)
    - KakaoSDKTemplate (= 2.5.2)
    - KakaoSDKUser (= 2.5.2)
  - KakaoSDKAuth (2.5.2):
    - KakaoSDKCommon (= 2.5.2)
  - KakaoSDKCommon (2.5.2):
    - KakaoSDKCommon/Common (= 2.5.2)
    - KakaoSDKCommon/Network (= 2.5.2)
  - KakaoSDKCommon/Common (2.5.2)
  - KakaoSDKCommon/Network (2.5.2):
    - Alamofire (~> 5.1)
    - KakaoSDKCommon/Common (= 2.5.2)
  - KakaoSDKLink (2.5.2):
    - KakaoSDKCommon (= 2.5.2)
    - KakaoSDKTemplate (= 2.5.2)
  - KakaoSDKNavi (2.5.2):
    - KakaoSDKCommon/Common (= 2.5.2)
  - KakaoSDKStory (2.5.2):
    - KakaoSDKUser (= 2.5.2)
  - KakaoSDKTalk (2.5.2):
    - KakaoSDKTemplate (= 2.5.2)
    - KakaoSDKUser (= 2.5.2)
  - KakaoSDKTemplate (2.5.2):
    - KakaoSDKCommon/Common (= 2.5.2)
  - KakaoSDKUser (2.5.2):
    - KakaoSDKAuth (= 2.5.2)
  - sign_in_with_kakao (0.0.1):
    - Flutter
    - KakaoSDK (~> 2.5)

DEPENDENCIES:
  - Flutter (from `Flutter`)
  - sign_in_with_kakao (from `.symlinks/plugins/sign_in_with_kakao/ios`)

SPEC REPOS:
  trunk:
    - Alamofire
    - KakaoSDK
    - KakaoSDKAuth
    - KakaoSDKCommon
    - KakaoSDKLink
    - KakaoSDKNavi
    - KakaoSDKStory
    - KakaoSDKTalk
    - KakaoSDKTemplate
    - KakaoSDKUser

EXTERNAL SOURCES:
  Flutter:
    :path: Flutter
  sign_in_with_kakao:
    :path: ".symlinks/plugins/sign_in_with_kakao/ios"

SPEC CHECKSUMS:
  Alamofire: e447a2774a40c996748296fa2c55112fdbbc42f9
  Flutter: 434fef37c0980e73bb6479ef766c45957d4b510c
  KakaoSDK: b50aebec5bb1347d5fcdbfc4b15a5276b84afdfc
  KakaoSDKAuth: 81715662c03e4c8c1a140f293e9fd6fd68b2e9dd
  KakaoSDKCommon: 887e22f7aa4647bd0a7d1397512fc5f6211b83d6
  KakaoSDKLink: 1826d69825bd938e16b552e30099be24905a3b1b
  KakaoSDKNavi: 75991ded364e5f678919a9e35d10bff47381c213
  KakaoSDKStory: 813d97897fb54ffbbafe24671543b4049dd35b9b
  KakaoSDKTalk: 626c6b0fcc1e2bafc8501ecbe102d30db46292e6
  KakaoSDKTemplate: baad1786a23f1960641b825a32bf295b6da29292
  KakaoSDKUser: b79c1a18da69681de7c9d3fa59e83c37b711ce7e
  sign_in_with_kakao: 539c3d1ab2136f096654b1242452fdb7d16957a0

PODFILE CHECKSUM: aafe91acc616949ddb318b77800a7f51bffa2a4c

COCOAPODS: 1.10.1
