PODS:
  - Alamofire (5.4.0)
  - Flutter (1.0.0)
  - KakaoSDK (2.0.5):
    - KakaoSDKAuth (= 2.0.5)
    - KakaoSDKCommon (= 2.0.5)
    - KakaoSDKLink (= 2.0.5)
    - KakaoSDKNavi (= 2.0.5)
    - KakaoSDKStory (= 2.0.5)
    - KakaoSDKTalk (= 2.0.5)
    - KakaoSDKTemplate (= 2.0.5)
    - KakaoSDKUser (= 2.0.5)
  - KakaoSDKAuth (2.0.5):
    - KakaoSDKCommon (= 2.0.5)
  - KakaoSDKCommon (2.0.5):
    - Alamofire (~> 5.1)
  - KakaoSDKLink (2.0.5):
    - KakaoSDKCommon (= 2.0.5)
    - KakaoSDKTemplate (= 2.0.5)
  - KakaoSDKNavi (2.0.5):
    - KakaoSDKCommon (= 2.0.5)
  - KakaoSDKStory (2.0.5):
    - KakaoSDKAuth (= 2.0.5)
    - KakaoSDKCommon (= 2.0.5)
  - KakaoSDKTalk (2.0.5):
    - KakaoSDKAuth (= 2.0.5)
    - KakaoSDKCommon (= 2.0.5)
    - KakaoSDKTemplate (= 2.0.5)
  - KakaoSDKTemplate (2.0.5):
    - KakaoSDKCommon (= 2.0.5)
  - KakaoSDKUser (2.0.5):
    - KakaoSDKAuth (= 2.0.5)
    - KakaoSDKCommon (= 2.0.5)
  - sign_in_with_kakao (0.0.1):
    - Flutter
    - KakaoSDK

DEPENDENCIES:
  - Flutter (from `Flutter`)
  - sign_in_with_kakao (from `.symlinks/plugins/sign_in_with_kakao/ios`)

SPEC REPOS:
  trunk:
    - Alamofire
    - KakaoSDK
    - KakaoSDKAuth
    - KakaoSDKCommon
    - KakaoSDKLink
    - KakaoSDKNavi
    - KakaoSDKStory
    - KakaoSDKTalk
    - KakaoSDKTemplate
    - KakaoSDKUser

EXTERNAL SOURCES:
  Flutter:
    :path: Flutter
  sign_in_with_kakao:
    :path: ".symlinks/plugins/sign_in_with_kakao/ios"

SPEC CHECKSUMS:
  Alamofire: 3b6a534a3df22db367e4dedeeca73d1ddfcf0e2f
  Flutter: 0e3d915762c693b495b44d77113d4970485de6ec
  KakaoSDK: fa2041be145c3554ca98a61838fc2d620494a293
  KakaoSDKAuth: 6903dbdaae617a9918030dba0cc47a2f42ca9731
  KakaoSDKCommon: 0fbcc0fa12d7f1e5fa4d423cd336e877764e1403
  KakaoSDKLink: f2aad317a7882276a2b4298af248177cf27e40c5
  KakaoSDKNavi: eceac94d81ddbcf2eb4ea6a41bff9379c71a3707
  KakaoSDKStory: 96c32e8a65a5cd89380b7f19c90b8d61a5711a80
  KakaoSDKTalk: 43259798670b8f7af35c7c9677c1e4b1f05f1933
  KakaoSDKTemplate: 000724221018cd32b585aec9df7261be6c263873
  KakaoSDKUser: 55cfcdfb0e4fa04709487936802c09c013bdd782
  sign_in_with_kakao: defd71d7abd477efcdbf82931c4ec9dc7248b04e

PODFILE CHECKSUM: aafe91acc616949ddb318b77800a7f51bffa2a4c

COCOAPODS: 1.10.0
